
Microsoft Visual Studio Solution File, Format Version 12.00
# Visual Studio Version 16
VisualStudioVersion = 16.0.33328.57
MinimumVisualStudioVersion = 10.0.40219.1
Project("{FAE04EC0-301F-11D3-BF4B-00C04F79EFBC}") = "ProjeOdev", "ProjeOdev\ProjeOdev.csproj", "{AE9D9F97-3637-4B6C-B71D-853F592A7742}"
EndProject
Global
	GlobalSection(SolutionConfigurationPlatforms) = preSolution
		Debug|Any CPU = Debug|Any CPU
		Release|Any CPU = Release|Any CPU
	EndGlobalSection
	GlobalSection(ProjectConfigurationPlatforms) = postSolution
		{AE9D9F97-3637-4B6C-B71D-853F592A7742}.Debug|Any CPU.ActiveCfg = Debug|Any CPU
		{AE9D9F97-3637-4B6C-B71D-853F592A7742}.Debug|Any CPU.Build.0 = Debug|Any CPU
		{AE9D9F97-3637-4B6C-B71D-853F592A7742}.Release|Any CPU.ActiveCfg = Release|Any CPU
		{AE9D9F97-3637-4B6C-B71D-853F592A7742}.Release|Any CPU.Build.0 = Release|Any CPU
	EndGlobalSection
	GlobalSection(SolutionProperties) = preSolution
		HideSolutionNode = FALSE
	EndGlobalSection
	GlobalSection(ExtensibilityGlobals) = postSolution
		SolutionGuid = {46B8CFEA-CD4C-45FE-9DC7-10A6497B73DC}
	EndGlobalSection
EndGlobal
